# This file is generated by running "yarn install" inside your project.
# Manual changes might be lost - proceed with caution!

__metadata:
  version: 4
  cacheKey: 7

"axios@npm:0.21.1":
  version: 0.21.1
  resolution: "axios@npm:0.21.1"
  dependencies:
    follow-redirects: ^1.10.0
  checksum: 864fb7b5d077d236737f10adca53bf451a93f35a15271f56fba8da07265a02d26b7d881b935a6697dc6adb0549ea3e56d2eecb403edaa3bb78f6479901c10f69
  languageName: node
  linkType: hard

"dotenv@npm:10.0.0":
  version: 10.0.0
  resolution: "dotenv@npm:10.0.0"
  checksum: 9c45712e213de63bdb646b8e5344749b7566e25a67bbd3f03711d54e40eff10066c1f23eff0081d0949fda7c8efcc6e9e8bf18d0f023a8274f55f5d5f97bb6db
  languageName: node
  linkType: hard

"follow-redirects@npm:^1.10.0":
  version: 1.14.1
  resolution: "follow-redirects@npm:1.14.1"
  peerDependenciesMeta:
    debug:
      optional: true
  checksum: 761a18699688b19d66b3e9199ecaf9cd39ede953f3529299c7fca4190b27b855c17c491170977844d5db5e169ffc35ebae999bb0833e9c9c61988d19c20ae7ab
  languageName: node
  linkType: hard

"moment@npm:2.29.1":
  version: 2.29.1
  resolution: "moment@npm:2.29.1"
  checksum: 86729013febf7160de5b93da69273dd304d674b0224f9544b3abd09a87671ddd2cdd57598261ce57588910d63747ffd5590965e83c790d8bf327083c0e0a06e0
  languageName: node
  linkType: hard

"world-classicals-bot@workspace:.":
  version: 0.0.0-use.local
  resolution: "world-classicals-bot@workspace:."
  dependencies:
    axios: 0.21.1
    dotenv: 10.0.0
    moment: 2.29.1
  languageName: unknown
  linkType: soft
